// !$*UTF8*$!
{
	archiveVersion = 1;
	classes = {
	};
	objectVersion = 55;
	objects = {

/* Begin PBXBuildFile section */
		991B181028A2B802001198F0 /* Section.swift in Sources */ = {isa = PBXBuildFile; fileRef = 991B180F28A2B802001198F0 /* Section.swift */; };
		991B181328A2B8FF001198F0 /* SectionItem.swift in Sources */ = {isa = PBXBuildFile; fileRef = 991B181228A2B8FF001198F0 /* SectionItem.swift */; };
		991B181628A2C0B2001198F0 /* Bundle+Extensions.swift in Sources */ = {isa = PBXBuildFile; fileRef = 991B181528A2C0B2001198F0 /* Bundle+Extensions.swift */; };
		991CDE4B28A304D800515C1B /* appstore.json in Sources */ = {isa = PBXBuildFile; fileRef = 991CDE4A28A304D800515C1B /* appstore.json */; };
		991CDE4E28A3083000515C1B /* FeaturedCollectionViewCell.swift in Sources */ = {isa = PBXBuildFile; fileRef = 991CDE4D28A3083000515C1B /* FeaturedCollectionViewCell.swift */; };
		991CDE5128A3084800515C1B /* SelfConfiguringCell.swift in Sources */ = {isa = PBXBuildFile; fileRef = 991CDE5028A3084800515C1B /* SelfConfiguringCell.swift */; };
		991CDE5428A3129D00515C1B /* CellConfigureError.swift in Sources */ = {isa = PBXBuildFile; fileRef = 991CDE5328A3129D00515C1B /* CellConfigureError.swift */; };
		991CDE5528A3552F00515C1B /* appstore.json in Resources */ = {isa = PBXBuildFile; fileRef = 991CDE4A28A304D800515C1B /* appstore.json */; };
		991CDE5728A35FA900515C1B /* MediumTableCell.swift in Sources */ = {isa = PBXBuildFile; fileRef = 991CDE5628A35FA900515C1B /* MediumTableCell.swift */; };
		99B1EEE2289DC8FA00BFA326 /* AppDelegate.swift in Sources */ = {isa = PBXBuildFile; fileRef = 99B1EEE1289DC8FA00BFA326 /* AppDelegate.swift */; };
		99B1EEE4289DC8FA00BFA326 /* SceneDelegate.swift in Sources */ = {isa = PBXBuildFile; fileRef = 99B1EEE3289DC8FA00BFA326 /* SceneDelegate.swift */; };
		99B1EEE9289DC8FA00BFA326 /* Main.storyboard in Resources */ = {isa = PBXBuildFile; fileRef = 99B1EEE7289DC8FA00BFA326 /* Main.storyboard */; };
		99B1EEEB289DC8FD00BFA326 /* Assets.xcassets in Resources */ = {isa = PBXBuildFile; fileRef = 99B1EEEA289DC8FD00BFA326 /* Assets.xcassets */; };
		99B1EEEE289DC8FD00BFA326 /* LaunchScreen.storyboard in Resources */ = {isa = PBXBuildFile; fileRef = 99B1EEEC289DC8FD00BFA326 /* LaunchScreen.storyboard */; };
		99BF324E289F6801004EAB03 /* AppsViewController.swift in Sources */ = {isa = PBXBuildFile; fileRef = 99BF324D289F6801004EAB03 /* AppsViewController.swift */; };
		99D5106B28A4559300AD9B35 /* SectionHeaderCollectionReusableView.swift in Sources */ = {isa = PBXBuildFile; fileRef = 99D5106A28A4559300AD9B35 /* SectionHeaderCollectionReusableView.swift */; };
		99D5106E28A45D4300AD9B35 /* SmallTableCell.swift in Sources */ = {isa = PBXBuildFile; fileRef = 99D5106D28A45D4300AD9B35 /* SmallTableCell.swift */; };
/* End PBXBuildFile section */

/* Begin PBXFileReference section */
		991B180F28A2B802001198F0 /* Section.swift */ = {isa = PBXFileReference; lastKnownFileType = sourcecode.swift; path = Section.swift; sourceTree = "<group>"; };
		991B181228A2B8FF001198F0 /* SectionItem.swift */ = {isa = PBXFileReference; lastKnownFileType = sourcecode.swift; path = SectionItem.swift; sourceTree = "<group>"; };
		991B181528A2C0B2001198F0 /* Bundle+Extensions.swift */ = {isa = PBXFileReference; lastKnownFileType = sourcecode.swift; path = "Bundle+Extensions.swift"; sourceTree = "<group>"; };
		991CDE4A28A304D800515C1B /* appstore.json */ = {isa = PBXFileReference; lastKnownFileType = text.json; path = appstore.json; sourceTree = "<group>"; };
		991CDE4D28A3083000515C1B /* FeaturedCollectionViewCell.swift */ = {isa = PBXFileReference; lastKnownFileType = sourcecode.swift; path = FeaturedCollectionViewCell.swift; sourceTree = "<group>"; };
		991CDE5028A3084800515C1B /* SelfConfiguringCell.swift */ = {isa = PBXFileReference; lastKnownFileType = sourcecode.swift; path = SelfConfiguringCell.swift; sourceTree = "<group>"; };
		991CDE5328A3129D00515C1B /* CellConfigureError.swift */ = {isa = PBXFileReference; lastKnownFileType = sourcecode.swift; path = CellConfigureError.swift; sourceTree = "<group>"; };
		991CDE5628A35FA900515C1B /* MediumTableCell.swift */ = {isa = PBXFileReference; lastKnownFileType = sourcecode.swift; path = MediumTableCell.swift; sourceTree = "<group>"; };
		99B1EEDE289DC8FA00BFA326 /* ios-appstore.app */ = {isa = PBXFileReference; explicitFileType = wrapper.application; includeInIndex = 0; path = "ios-appstore.app"; sourceTree = BUILT_PRODUCTS_DIR; };
		99B1EEE1289DC8FA00BFA326 /* AppDelegate.swift */ = {isa = PBXFileReference; lastKnownFileType = sourcecode.swift; path = AppDelegate.swift; sourceTree = "<group>"; };
		99B1EEE3289DC8FA00BFA326 /* SceneDelegate.swift */ = {isa = PBXFileReference; lastKnownFileType = sourcecode.swift; path = SceneDelegate.swift; sourceTree = "<group>"; };
		99B1EEE8289DC8FA00BFA326 /* Base */ = {isa = PBXFileReference; lastKnownFileType = file.storyboard; name = Base; path = Base.lproj/Main.storyboard; sourceTree = "<group>"; };
		99B1EEEA289DC8FD00BFA326 /* Assets.xcassets */ = {isa = PBXFileReference; lastKnownFileType = folder.assetcatalog; path = Assets.xcassets; sourceTree = "<group>"; };
		99B1EEED289DC8FD00BFA326 /* Base */ = {isa = PBXFileReference; lastKnownFileType = file.storyboard; name = Base; path = Base.lproj/LaunchScreen.storyboard; sourceTree = "<group>"; };
		99B1EEEF289DC8FD00BFA326 /* Info.plist */ = {isa = PBXFileReference; lastKnownFileType = text.plist.xml; path = Info.plist; sourceTree = "<group>"; };
		99BF324D289F6801004EAB03 /* AppsViewController.swift */ = {isa = PBXFileReference; lastKnownFileType = sourcecode.swift; path = AppsViewController.swift; sourceTree = "<group>"; };
		99D5106A28A4559300AD9B35 /* SectionHeaderCollectionReusableView.swift */ = {isa = PBXFileReference; lastKnownFileType = sourcecode.swift; path = SectionHeaderCollectionReusableView.swift; sourceTree = "<group>"; };
		99D5106D28A45D4300AD9B35 /* SmallTableCell.swift */ = {isa = PBXFileReference; lastKnownFileType = sourcecode.swift; path = SmallTableCell.swift; sourceTree = "<group>"; };
/* End PBXFileReference section */

/* Begin PBXFrameworksBuildPhase section */
		99B1EEDB289DC8FA00BFA326 /* Frameworks */ = {
			isa = PBXFrameworksBuildPhase;
			buildActionMask = 2147483647;
			files = (
			);
			runOnlyForDeploymentPostprocessing = 0;
		};
/* End PBXFrameworksBuildPhase section */

/* Begin PBXGroup section */
		991B181128A2B806001198F0 /* Models */ = {
			isa = PBXGroup;
			children = (
				991B180F28A2B802001198F0 /* Section.swift */,
				991B181228A2B8FF001198F0 /* SectionItem.swift */,
			);
			path = Models;
			sourceTree = "<group>";
		};
		991B181428A2C09D001198F0 /* Extensions */ = {
			isa = PBXGroup;
			children = (
				991B181528A2C0B2001198F0 /* Bundle+Extensions.swift */,
			);
			path = Extensions;
			sourceTree = "<group>";
		};
		991CDE4C28A307ED00515C1B /* CollectionViewCells */ = {
			isa = PBXGroup;
			children = (
				991CDE4D28A3083000515C1B /* FeaturedCollectionViewCell.swift */,
				991CDE5628A35FA900515C1B /* MediumTableCell.swift */,
				99D5106D28A45D4300AD9B35 /* SmallTableCell.swift */,
			);
			path = CollectionViewCells;
			sourceTree = "<group>";
		};
		991CDE4F28A3083900515C1B /* Protocols */ = {
			isa = PBXGroup;
			children = (
				991CDE5028A3084800515C1B /* SelfConfiguringCell.swift */,
			);
			path = Protocols;
			sourceTree = "<group>";
		};
		991CDE5228A3127600515C1B /* Error */ = {
			isa = PBXGroup;
			children = (
				991CDE5328A3129D00515C1B /* CellConfigureError.swift */,
			);
			path = Error;
			sourceTree = "<group>";
		};
		99B1EED5289DC8FA00BFA326 = {
			isa = PBXGroup;
			children = (
				99B1EEE0289DC8FA00BFA326 /* ios-appstore */,
				99B1EEDF289DC8FA00BFA326 /* Products */,
			);
			sourceTree = "<group>";
		};
		99B1EEDF289DC8FA00BFA326 /* Products */ = {
			isa = PBXGroup;
			children = (
				99B1EEDE289DC8FA00BFA326 /* ios-appstore.app */,
			);
			name = Products;
			sourceTree = "<group>";
		};
		99B1EEE0289DC8FA00BFA326 /* ios-appstore */ = {
			isa = PBXGroup;
			children = (
				991CDE5228A3127600515C1B /* Error */,
				991CDE4F28A3083900515C1B /* Protocols */,
				991B181428A2C09D001198F0 /* Extensions */,
				99BF324A289F64E7004EAB03 /* Delegates */,
				99BF324B289F64F1004EAB03 /* ViewControllers */,
				991CDE4C28A307ED00515C1B /* CollectionViewCells */,
				99BF324C289F6503004EAB03 /* Storyboards */,
				99D5106C28A4589200AD9B35 /* Views */,
				991B181128A2B806001198F0 /* Models */,
				991CDE4A28A304D800515C1B /* appstore.json */,
				99B1EEEC289DC8FD00BFA326 /* LaunchScreen.storyboard */,
				99B1EEEA289DC8FD00BFA326 /* Assets.xcassets */,
				99B1EEEF289DC8FD00BFA326 /* Info.plist */,
			);
			path = "ios-appstore";
			sourceTree = "<group>";
		};
		99BF324A289F64E7004EAB03 /* Delegates */ = {
			isa = PBXGroup;
			children = (
				99B1EEE1289DC8FA00BFA326 /* AppDelegate.swift */,
				99B1EEE3289DC8FA00BFA326 /* SceneDelegate.swift */,
			);
			path = Delegates;
			sourceTree = "<group>";
		};
		99BF324B289F64F1004EAB03 /* ViewControllers */ = {
			isa = PBXGroup;
			children = (
				99BF324D289F6801004EAB03 /* AppsViewController.swift */,
			);
			path = ViewControllers;
			sourceTree = "<group>";
		};
		99BF324C289F6503004EAB03 /* Storyboards */ = {
			isa = PBXGroup;
			children = (
				99B1EEE7289DC8FA00BFA326 /* Main.storyboard */,
			);
			path = Storyboards;
			sourceTree = "<group>";
		};
		99D5106C28A4589200AD9B35 /* Views */ = {
			isa = PBXGroup;
			children = (
				99D5106A28A4559300AD9B35 /* SectionHeaderCollectionReusableView.swift */,
			);
			path = Views;
			sourceTree = "<group>";
		};
/* End PBXGroup section */

/* Begin PBXNativeTarget section */
		99B1EEDD289DC8FA00BFA326 /* ios-appstore */ = {
			isa = PBXNativeTarget;
			buildConfigurationList = 99B1EEF2289DC8FD00BFA326 /* Build configuration list for PBXNativeTarget "ios-appstore" */;
			buildPhases = (
				99B1EEDA289DC8FA00BFA326 /* Sources */,
				99B1EEDB289DC8FA00BFA326 /* Frameworks */,
				99B1EEDC289DC8FA00BFA326 /* Resources */,
			);
			buildRules = (
			);
			dependencies = (
			);
			name = "ios-appstore";
			productName = "ios-appstore";
			productReference = 99B1EEDE289DC8FA00BFA326 /* ios-appstore.app */;
			productType = "com.apple.product-type.application";
		};
/* End PBXNativeTarget section */

/* Begin PBXProject section */
		99B1EED6289DC8FA00BFA326 /* Project object */ = {
			isa = PBXProject;
			attributes = {
				BuildIndependentTargetsInParallel = 1;
				LastSwiftUpdateCheck = 1340;
				LastUpgradeCheck = 1340;
				TargetAttributes = {
					99B1EEDD289DC8FA00BFA326 = {
						CreatedOnToolsVersion = 13.4.1;
					};
				};
			};
			buildConfigurationList = 99B1EED9289DC8FA00BFA326 /* Build configuration list for PBXProject "ios-appstore" */;
			compatibilityVersion = "Xcode 13.0";
			developmentRegion = en;
			hasScannedForEncodings = 0;
			knownRegions = (
				en,
				Base,
			);
			mainGroup = 99B1EED5289DC8FA00BFA326;
			productRefGroup = 99B1EEDF289DC8FA00BFA326 /* Products */;
			projectDirPath = "";
			projectRoot = "";
			targets = (
				99B1EEDD289DC8FA00BFA326 /* ios-appstore */,
			);
		};
/* End PBXProject section */

/* Begin PBXResourcesBuildPhase section */
		99B1EEDC289DC8FA00BFA326 /* Resources */ = {
			isa = PBXResourcesBuildPhase;
			buildActionMask = 2147483647;
			files = (
				991CDE5528A3552F00515C1B /* appstore.json in Resources */,
				99B1EEEE289DC8FD00BFA326 /* LaunchScreen.storyboard in Resources */,
				99B1EEEB289DC8FD00BFA326 /* Assets.xcassets in Resources */,
				99B1EEE9289DC8FA00BFA326 /* Main.storyboard in Resources */,
			);
			runOnlyForDeploymentPostprocessing = 0;
		};
/* End PBXResourcesBuildPhase section */

/* Begin PBXSourcesBuildPhase section */
		99B1EEDA289DC8FA00BFA326 /* Sources */ = {
			isa = PBXSourcesBuildPhase;
			buildActionMask = 2147483647;
			files = (
				991B181028A2B802001198F0 /* Section.swift in Sources */,
				99B1EEE2289DC8FA00BFA326 /* AppDelegate.swift in Sources */,
				991B181328A2B8FF001198F0 /* SectionItem.swift in Sources */,
				99BF324E289F6801004EAB03 /* AppsViewController.swift in Sources */,
				99B1EEE4289DC8FA00BFA326 /* SceneDelegate.swift in Sources */,
				991B181628A2C0B2001198F0 /* Bundle+Extensions.swift in Sources */,
				991CDE5728A35FA900515C1B /* MediumTableCell.swift in Sources */,
				991CDE4E28A3083000515C1B /* FeaturedCollectionViewCell.swift in Sources */,
				991CDE5428A3129D00515C1B /* CellConfigureError.swift in Sources */,
				99D5106B28A4559300AD9B35 /* SectionHeaderCollectionReusableView.swift in Sources */,
				991CDE4B28A304D800515C1B /* appstore.json in Sources */,
				991CDE5128A3084800515C1B /* SelfConfiguringCell.swift in Sources */,
				99D5106E28A45D4300AD9B35 /* SmallTableCell.swift in Sources */,
			);
			runOnlyForDeploymentPostprocessing = 0;
		};
/* End PBXSourcesBuildPhase section */

/* Begin PBXVariantGroup section */
		99B1EEE7289DC8FA00BFA326 /* Main.storyboard */ = {
			isa = PBXVariantGroup;
			children = (
				99B1EEE8289DC8FA00BFA326 /* Base */,
			);
			name = Main.storyboard;
			sourceTree = "<group>";
		};
		99B1EEEC289DC8FD00BFA326 /* LaunchScreen.storyboard */ = {
			isa = PBXVariantGroup;
			children = (
				99B1EEED289DC8FD00BFA326 /* Base */,
			);
			name = LaunchScreen.storyboard;
			sourceTree = "<group>";
		};
/* End PBXVariantGroup section */

/* Begin XCBuildConfiguration section */
		99B1EEF0289DC8FD00BFA326 /* Debug */ = {
			isa = XCBuildConfiguration;
			buildSettings = {
				ALWAYS_SEARCH_USER_PATHS = NO;
				CLANG_ANALYZER_NONNULL = YES;
				CLANG_ANALYZER_NUMBER_OBJECT_CONVERSION = YES_AGGRESSIVE;
				CLANG_CXX_LANGUAGE_STANDARD = "gnu++17";
				CLANG_ENABLE_MODULES = YES;
				CLANG_ENABLE_OBJC_ARC = YES;
				CLANG_ENABLE_OBJC_WEAK = YES;
				CLANG_WARN_BLOCK_CAPTURE_AUTORELEASING = YES;
				CLANG_WARN_BOOL_CONVERSION = YES;
				CLANG_WARN_COMMA = YES;
				CLANG_WARN_CONSTANT_CONVERSION = YES;
				CLANG_WARN_DEPRECATED_OBJC_IMPLEMENTATIONS = YES;
				CLANG_WARN_DIRECT_OBJC_ISA_USAGE = YES_ERROR;
				CLANG_WARN_DOCUMENTATION_COMMENTS = YES;
				CLANG_WARN_EMPTY_BODY = YES;
				CLANG_WARN_ENUM_CONVERSION = YES;
				CLANG_WARN_INFINITE_RECURSION = YES;
				CLANG_WARN_INT_CONVERSION = YES;
				CLANG_WARN_NON_LITERAL_NULL_CONVERSION = YES;
				CLANG_WARN_OBJC_IMPLICIT_RETAIN_SELF = YES;
				CLANG_WARN_OBJC_LITERAL_CONVERSION = YES;
				CLANG_WARN_OBJC_ROOT_CLASS = YES_ERROR;
				CLANG_WARN_QUOTED_INCLUDE_IN_FRAMEWORK_HEADER = YES;
				CLANG_WARN_RANGE_LOOP_ANALYSIS = YES;
				CLANG_WARN_STRICT_PROTOTYPES = YES;
				CLANG_WARN_SUSPICIOUS_MOVE = YES;
				CLANG_WARN_UNGUARDED_AVAILABILITY = YES_AGGRESSIVE;
				CLANG_WARN_UNREACHABLE_CODE = YES;
				CLANG_WARN__DUPLICATE_METHOD_MATCH = YES;
				COPY_PHASE_STRIP = NO;
				DEBUG_INFORMATION_FORMAT = dwarf;
				ENABLE_STRICT_OBJC_MSGSEND = YES;
				ENABLE_TESTABILITY = YES;
				GCC_C_LANGUAGE_STANDARD = gnu11;
				GCC_DYNAMIC_NO_PIC = NO;
				GCC_NO_COMMON_BLOCKS = YES;
				GCC_OPTIMIZATION_LEVEL = 0;
				GCC_PREPROCESSOR_DEFINITIONS = (
					"DEBUG=1",
					"$(inherited)",
				);
				GCC_WARN_64_TO_32_BIT_CONVERSION = YES;
				GCC_WARN_ABOUT_RETURN_TYPE = YES_ERROR;
				GCC_WARN_UNDECLARED_SELECTOR = YES;
				GCC_WARN_UNINITIALIZED_AUTOS = YES_AGGRESSIVE;
				GCC_WARN_UNUSED_FUNCTION = YES;
				GCC_WARN_UNUSED_VARIABLE = YES;
				IPHONEOS_DEPLOYMENT_TARGET = 15.5;
				MTL_ENABLE_DEBUG_INFO = INCLUDE_SOURCE;
				MTL_FAST_MATH = YES;
				ONLY_ACTIVE_ARCH = YES;
				SDKROOT = iphoneos;
				SWIFT_ACTIVE_COMPILATION_CONDITIONS = DEBUG;
				SWIFT_OPTIMIZATION_LEVEL = "-Onone";
			};
			name = Debug;
		};
		99B1EEF1289DC8FD00BFA326 /* Release */ = {
			isa = XCBuildConfiguration;
			buildSettings = {
				ALWAYS_SEARCH_USER_PATHS = NO;
				CLANG_ANALYZER_NONNULL = YES;
				CLANG_ANALYZER_NUMBER_OBJECT_CONVERSION = YES_AGGRESSIVE;
				CLANG_CXX_LANGUAGE_STANDARD = "gnu++17";
				CLANG_ENABLE_MODULES = YES;
				CLANG_ENABLE_OBJC_ARC = YES;
				CLANG_ENABLE_OBJC_WEAK = YES;
				CLANG_WARN_BLOCK_CAPTURE_AUTORELEASING = YES;
				CLANG_WARN_BOOL_CONVERSION = YES;
				CLANG_WARN_COMMA = YES;
				CLANG_WARN_CONSTANT_CONVERSION = YES;
				CLANG_WARN_DEPRECATED_OBJC_IMPLEMENTATIONS = YES;
				CLANG_WARN_DIRECT_OBJC_ISA_USAGE = YES_ERROR;
				CLANG_WARN_DOCUMENTATION_COMMENTS = YES;
				CLANG_WARN_EMPTY_BODY = YES;
				CLANG_WARN_ENUM_CONVERSION = YES;
				CLANG_WARN_INFINITE_RECURSION = YES;
				CLANG_WARN_INT_CONVERSION = YES;
				CLANG_WARN_NON_LITERAL_NULL_CONVERSION = YES;
				CLANG_WARN_OBJC_IMPLICIT_RETAIN_SELF = YES;
				CLANG_WARN_OBJC_LITERAL_CONVERSION = YES;
				CLANG_WARN_OBJC_ROOT_CLASS = YES_ERROR;
				CLANG_WARN_QUOTED_INCLUDE_IN_FRAMEWORK_HEADER = YES;
				CLANG_WARN_RANGE_LOOP_ANALYSIS = YES;
				CLANG_WARN_STRICT_PROTOTYPES = YES;
				CLANG_WARN_SUSPICIOUS_MOVE = YES;
				CLANG_WARN_UNGUARDED_AVAILABILITY = YES_AGGRESSIVE;
				CLANG_WARN_UNREACHABLE_CODE = YES;
				CLANG_WARN__DUPLICATE_METHOD_MATCH = YES;
				COPY_PHASE_STRIP = NO;
				DEBUG_INFORMATION_FORMAT = "dwarf-with-dsym";
				ENABLE_NS_ASSERTIONS = NO;
				ENABLE_STRICT_OBJC_MSGSEND = YES;
				GCC_C_LANGUAGE_STANDARD = gnu11;
				GCC_NO_COMMON_BLOCKS = YES;
				GCC_WARN_64_TO_32_BIT_CONVERSION = YES;
				GCC_WARN_ABOUT_RETURN_TYPE = YES_ERROR;
				GCC_WARN_UNDECLARED_SELECTOR = YES;
				GCC_WARN_UNINITIALIZED_AUTOS = YES_AGGRESSIVE;
				GCC_WARN_UNUSED_FUNCTION = YES;
				GCC_WARN_UNUSED_VARIABLE = YES;
				IPHONEOS_DEPLOYMENT_TARGET = 15.5;
				MTL_ENABLE_DEBUG_INFO = NO;
				MTL_FAST_MATH = YES;
				SDKROOT = iphoneos;
				SWIFT_COMPILATION_MODE = wholemodule;
				SWIFT_OPTIMIZATION_LEVEL = "-O";
				VALIDATE_PRODUCT = YES;
			};
			name = Release;
		};
		99B1EEF3289DC8FD00BFA326 /* Debug */ = {
			isa = XCBuildConfiguration;
			buildSettings = {
				ASSETCATALOG_COMPILER_APPICON_NAME = AppIcon;
				ASSETCATALOG_COMPILER_GLOBAL_ACCENT_COLOR_NAME = AccentColor;
				CODE_SIGN_STYLE = Automatic;
				CURRENT_PROJECT_VERSION = 1;
				DEVELOPMENT_TEAM = XSH9P55B5U;
				GENERATE_INFOPLIST_FILE = YES;
				INFOPLIST_FILE = "ios-appstore/Info.plist";
				INFOPLIST_KEY_UIApplicationSupportsIndirectInputEvents = YES;
				INFOPLIST_KEY_UILaunchStoryboardName = LaunchScreen;
				INFOPLIST_KEY_UIMainStoryboardFile = Main;
				INFOPLIST_KEY_UISupportedInterfaceOrientations_iPad = "UIInterfaceOrientationPortrait UIInterfaceOrientationPortraitUpsideDown UIInterfaceOrientationLandscapeLeft UIInterfaceOrientationLandscapeRight";
				INFOPLIST_KEY_UISupportedInterfaceOrientations_iPhone = "UIInterfaceOrientationPortrait UIInterfaceOrientationLandscapeLeft UIInterfaceOrientationLandscapeRight";
				LD_RUNPATH_SEARCH_PATHS = (
					"$(inherited)",
					"@executable_path/Frameworks",
				);
				MARKETING_VERSION = 1.0;
				PRODUCT_BUNDLE_IDENTIFIER = "com.fraser.matthew.ios-appstore";
				PRODUCT_NAME = "$(TARGET_NAME)";
				SWIFT_EMIT_LOC_STRINGS = YES;
				SWIFT_VERSION = 5.0;
				TARGETED_DEVICE_FAMILY = "1,2";
			};
			name = Debug;
		};
		99B1EEF4289DC8FD00BFA326 /* Release */ = {
			isa = XCBuildConfiguration;
			buildSettings = {
				ASSETCATALOG_COMPILER_APPICON_NAME = AppIcon;
				ASSETCATALOG_COMPILER_GLOBAL_ACCENT_COLOR_NAME = AccentColor;
				CODE_SIGN_STYLE = Automatic;
				CURRENT_PROJECT_VERSION = 1;
				DEVELOPMENT_TEAM = XSH9P55B5U;
				GENERATE_INFOPLIST_FILE = YES;
				INFOPLIST_FILE = "ios-appstore/Info.plist";
				INFOPLIST_KEY_UIApplicationSupportsIndirectInputEvents = YES;
				INFOPLIST_KEY_UILaunchStoryboardName = LaunchScreen;
				INFOPLIST_KEY_UIMainStoryboardFile = Main;
				INFOPLIST_KEY_UISupportedInterfaceOrientations_iPad = "UIInterfaceOrientationPortrait UIInterfaceOrientationPortraitUpsideDown UIInterfaceOrientationLandscapeLeft UIInterfaceOrientationLandscapeRight";
				INFOPLIST_KEY_UISupportedInterfaceOrientations_iPhone = "UIInterfaceOrientationPortrait UIInterfaceOrientationLandscapeLeft UIInterfaceOrientationLandscapeRight";
				LD_RUNPATH_SEARCH_PATHS = (
					"$(inherited)",
					"@executable_path/Frameworks",
				);
				MARKETING_VERSION = 1.0;
				PRODUCT_BUNDLE_IDENTIFIER = "com.fraser.matthew.ios-appstore";
				PRODUCT_NAME = "$(TARGET_NAME)";
				SWIFT_EMIT_LOC_STRINGS = YES;
				SWIFT_VERSION = 5.0;
				TARGETED_DEVICE_FAMILY = "1,2";
			};
			name = Release;
		};
/* End XCBuildConfiguration section */

/* Begin XCConfigurationList section */
		99B1EED9289DC8FA00BFA326 /* Build configuration list for PBXProject "ios-appstore" */ = {
			isa = XCConfigurationList;
			buildConfigurations = (
				99B1EEF0289DC8FD00BFA326 /* Debug */,
				99B1EEF1289DC8FD00BFA326 /* Release */,
			);
			defaultConfigurationIsVisible = 0;
			defaultConfigurationName = Release;
		};
		99B1EEF2289DC8FD00BFA326 /* Build configuration list for PBXNativeTarget "ios-appstore" */ = {
			isa = XCConfigurationList;
			buildConfigurations = (
				99B1EEF3289DC8FD00BFA326 /* Debug */,
				99B1EEF4289DC8FD00BFA326 /* Release */,
			);
			defaultConfigurationIsVisible = 0;
			defaultConfigurationName = Release;
		};
/* End XCConfigurationList section */
	};
	rootObject = 99B1EED6289DC8FA00BFA326 /* Project object */;
}
